
Microsoft Visual Studio Solution File, Format Version 12.00
# Visual Studio Version 17
VisualStudioVersion = 17.1.32228.430
MinimumVisualStudioVersion = 10.0.40219.1
Project("{FAE04EC0-301F-11D3-BF4B-00C04F79EFBC}") = "Task1", "Task1\Task1.csproj", "{364745FB-60DB-4A24-8B59-6554848D64BA}"
EndProject
Global
	GlobalSection(SolutionConfigurationPlatforms) = preSolution
		Debug|Any CPU = Debug|Any CPU
		Release|Any CPU = Release|Any CPU
	EndGlobalSection
	GlobalSection(ProjectConfigurationPlatforms) = postSolution
		{364745FB-60DB-4A24-8B59-6554848D64BA}.Debug|Any CPU.ActiveCfg = Debug|Any CPU
		{364745FB-60DB-4A24-8B59-6554848D64BA}.Debug|Any CPU.Build.0 = Debug|Any CPU
		{364745FB-60DB-4A24-8B59-6554848D64BA}.Release|Any CPU.ActiveCfg = Release|Any CPU
		{364745FB-60DB-4A24-8B59-6554848D64BA}.Release|Any CPU.Build.0 = Release|Any CPU
	EndGlobalSection
	GlobalSection(SolutionProperties) = preSolution
		HideSolutionNode = FALSE
	EndGlobalSection
	GlobalSection(ExtensibilityGlobals) = postSolution
		SolutionGuid = {BED6E513-A81D-4099-AC1E-8C3D1A922EC5}
	EndGlobalSection
EndGlobal
