
Microsoft Visual Studio Solution File, Format Version 12.00
# Visual Studio Version 17
VisualStudioVersion = 17.1.32421.90
MinimumVisualStudioVersion = 10.0.40219.1
Project("{9A19103F-16F7-4668-BE54-9A1E7A4F7556}") = "UsersRewardsWeb", "UsersRewardsWeb\UsersRewardsWeb.csproj", "{F5835ECB-27F8-47A6-91A9-F0AA898A4BA3}"
EndProject
Project("{9A19103F-16F7-4668-BE54-9A1E7A4F7556}") = "BLL", "..\..\15-ado-net\BLL\BLL.csproj", "{88C590DD-98E6-4F07-8DC8-DCD63D137416}"
EndProject
Project("{9A19103F-16F7-4668-BE54-9A1E7A4F7556}") = "Entities", "..\..\15-ado-net\Entities\Entities.csproj", "{E2C1873F-4CE6-436F-B176-2C8D2C24AB3F}"
EndProject
Project("{9A19103F-16F7-4668-BE54-9A1E7A4F7556}") = "DAL.Db", "..\..\15-ado-net\DAL\DAL.Db.csproj", "{5E90377C-076C-444E-98A6-3179ED1EE9DB}"
EndProject
Project("{9A19103F-16F7-4668-BE54-9A1E7A4F7556}") = "Interfaces", "..\..\15-ado-net\Interfaces\Interfaces.csproj", "{33E98B1C-5BFF-4AB0-ACA1-A0DC0C539C28}"
EndProject
Project("{9A19103F-16F7-4668-BE54-9A1E7A4F7556}") = "PL", "..\..\15-ado-net\WinFormsApp1\PL.csproj", "{E7868299-8F3D-49A4-B7C4-4F15E70CC138}"
EndProject
Global
	GlobalSection(SolutionConfigurationPlatforms) = preSolution
		Debug|Any CPU = Debug|Any CPU
		Release|Any CPU = Release|Any CPU
	EndGlobalSection
	GlobalSection(ProjectConfigurationPlatforms) = postSolution
		{F5835ECB-27F8-47A6-91A9-F0AA898A4BA3}.Debug|Any CPU.ActiveCfg = Debug|Any CPU
		{F5835ECB-27F8-47A6-91A9-F0AA898A4BA3}.Debug|Any CPU.Build.0 = Debug|Any CPU
		{F5835ECB-27F8-47A6-91A9-F0AA898A4BA3}.Release|Any CPU.ActiveCfg = Release|Any CPU
		{F5835ECB-27F8-47A6-91A9-F0AA898A4BA3}.Release|Any CPU.Build.0 = Release|Any CPU
		{88C590DD-98E6-4F07-8DC8-DCD63D137416}.Debug|Any CPU.ActiveCfg = Debug|Any CPU
		{88C590DD-98E6-4F07-8DC8-DCD63D137416}.Debug|Any CPU.Build.0 = Debug|Any CPU
		{88C590DD-98E6-4F07-8DC8-DCD63D137416}.Release|Any CPU.ActiveCfg = Release|Any CPU
		{88C590DD-98E6-4F07-8DC8-DCD63D137416}.Release|Any CPU.Build.0 = Release|Any CPU
		{E2C1873F-4CE6-436F-B176-2C8D2C24AB3F}.Debug|Any CPU.ActiveCfg = Debug|Any CPU
		{E2C1873F-4CE6-436F-B176-2C8D2C24AB3F}.Debug|Any CPU.Build.0 = Debug|Any CPU
		{E2C1873F-4CE6-436F-B176-2C8D2C24AB3F}.Release|Any CPU.ActiveCfg = Release|Any CPU
		{E2C1873F-4CE6-436F-B176-2C8D2C24AB3F}.Release|Any CPU.Build.0 = Release|Any CPU
		{5E90377C-076C-444E-98A6-3179ED1EE9DB}.Debug|Any CPU.ActiveCfg = Debug|Any CPU
		{5E90377C-076C-444E-98A6-3179ED1EE9DB}.Debug|Any CPU.Build.0 = Debug|Any CPU
		{5E90377C-076C-444E-98A6-3179ED1EE9DB}.Release|Any CPU.ActiveCfg = Release|Any CPU
		{5E90377C-076C-444E-98A6-3179ED1EE9DB}.Release|Any CPU.Build.0 = Release|Any CPU
		{33E98B1C-5BFF-4AB0-ACA1-A0DC0C539C28}.Debug|Any CPU.ActiveCfg = Debug|Any CPU
		{33E98B1C-5BFF-4AB0-ACA1-A0DC0C539C28}.Debug|Any CPU.Build.0 = Debug|Any CPU
		{33E98B1C-5BFF-4AB0-ACA1-A0DC0C539C28}.Release|Any CPU.ActiveCfg = Release|Any CPU
		{33E98B1C-5BFF-4AB0-ACA1-A0DC0C539C28}.Release|Any CPU.Build.0 = Release|Any CPU
		{E7868299-8F3D-49A4-B7C4-4F15E70CC138}.Debug|Any CPU.ActiveCfg = Debug|Any CPU
		{E7868299-8F3D-49A4-B7C4-4F15E70CC138}.Debug|Any CPU.Build.0 = Debug|Any CPU
		{E7868299-8F3D-49A4-B7C4-4F15E70CC138}.Release|Any CPU.ActiveCfg = Release|Any CPU
		{E7868299-8F3D-49A4-B7C4-4F15E70CC138}.Release|Any CPU.Build.0 = Release|Any CPU
	EndGlobalSection
	GlobalSection(SolutionProperties) = preSolution
		HideSolutionNode = FALSE
	EndGlobalSection
	GlobalSection(ExtensibilityGlobals) = postSolution
		SolutionGuid = {4E287F83-0FE9-4041-8439-44FD4C0A5AAA}
	EndGlobalSection
EndGlobal
